
Microsoft Visual Studio Solution File, Format Version 12.00
# Visual Studio Version 17
VisualStudioVersion = 17.11.35303.130
MinimumVisualStudioVersion = 10.0.40219.1
Project("{FAE04EC0-301F-11D3-BF4B-00C04F79EFBC}") = "Base64", "Base64\Base64.csproj", "{8797C3CD-D221-45A9-B49B-79226A6AB632}"
EndProject
Global
	GlobalSection(SolutionConfigurationPlatforms) = preSolution
		Debug|Any CPU = Debug|Any CPU
		Release|Any CPU = Release|Any CPU
	EndGlobalSection
	GlobalSection(ProjectConfigurationPlatforms) = postSolution
		{8797C3CD-D221-45A9-B49B-79226A6AB632}.Debug|Any CPU.ActiveCfg = Debug|Any CPU
		{8797C3CD-D221-45A9-B49B-79226A6AB632}.Debug|Any CPU.Build.0 = Debug|Any CPU
		{8797C3CD-D221-45A9-B49B-79226A6AB632}.Release|Any CPU.ActiveCfg = Release|Any CPU
		{8797C3CD-D221-45A9-B49B-79226A6AB632}.Release|Any CPU.Build.0 = Release|Any CPU
	EndGlobalSection
	GlobalSection(SolutionProperties) = preSolution
		HideSolutionNode = FALSE
	EndGlobalSection
	GlobalSection(ExtensibilityGlobals) = postSolution
		SolutionGuid = {0E408E31-5F10-4403-9C5E-0B503407F480}
	EndGlobalSection
EndGlobal
